
Microsoft Visual Studio Solution File, Format Version 12.00
# Visual Studio Version 17
VisualStudioVersion = 17.3.32929.385
MinimumVisualStudioVersion = 10.0.40219.1
Project("{9A19103F-16F7-4668-BE54-9A1E7A4F7556}") = "3ValueTypeVsReferenceType", "3ValueTypeVsReferenceType\3ValueTypeVsReferenceType.csproj", "{BC3242B8-5149-4611-AADF-7530DDAF50A7}"
EndProject
Project("{9A19103F-16F7-4668-BE54-9A1E7A4F7556}") = "4InferenciaEDinamyc", "4InferenciaEDinamyc\4InferenciaEDinamyc.csproj", "{29730720-1EE0-4BEB-A9FF-7239FB2A5F7E}"
EndProject
Project("{9A19103F-16F7-4668-BE54-9A1E7A4F7556}") = "5Strings", "5Strings\5Strings.csproj", "{F8058233-D58D-4C32-B4B2-1175F8D87392}"
EndProject
Project("{9A19103F-16F7-4668-BE54-9A1E7A4F7556}") = "6ConversaoDeDados", "6ConversaoDeDados\6ConversaoDeDados.csproj", "{7FDACD39-053F-42FE-9A88-B164530569B0}"
EndProject
Project("{FAE04EC0-301F-11D3-BF4B-00C04F79EFBC}") = "7OperadoresAritimeticos", "7OperadoresAritimeticos\7OperadoresAritimeticos.csproj", "{231814D9-E57B-4F7B-8DD9-39BB90AFFE80}"
EndProject
Global
	GlobalSection(SolutionConfigurationPlatforms) = preSolution
		Debug|Any CPU = Debug|Any CPU
		Release|Any CPU = Release|Any CPU
	EndGlobalSection
	GlobalSection(ProjectConfigurationPlatforms) = postSolution
		{BC3242B8-5149-4611-AADF-7530DDAF50A7}.Debug|Any CPU.ActiveCfg = Debug|Any CPU
		{BC3242B8-5149-4611-AADF-7530DDAF50A7}.Debug|Any CPU.Build.0 = Debug|Any CPU
		{BC3242B8-5149-4611-AADF-7530DDAF50A7}.Release|Any CPU.ActiveCfg = Release|Any CPU
		{BC3242B8-5149-4611-AADF-7530DDAF50A7}.Release|Any CPU.Build.0 = Release|Any CPU
		{29730720-1EE0-4BEB-A9FF-7239FB2A5F7E}.Debug|Any CPU.ActiveCfg = Debug|Any CPU
		{29730720-1EE0-4BEB-A9FF-7239FB2A5F7E}.Debug|Any CPU.Build.0 = Debug|Any CPU
		{29730720-1EE0-4BEB-A9FF-7239FB2A5F7E}.Release|Any CPU.ActiveCfg = Release|Any CPU
		{29730720-1EE0-4BEB-A9FF-7239FB2A5F7E}.Release|Any CPU.Build.0 = Release|Any CPU
		{F8058233-D58D-4C32-B4B2-1175F8D87392}.Debug|Any CPU.ActiveCfg = Debug|Any CPU
		{F8058233-D58D-4C32-B4B2-1175F8D87392}.Debug|Any CPU.Build.0 = Debug|Any CPU
		{F8058233-D58D-4C32-B4B2-1175F8D87392}.Release|Any CPU.ActiveCfg = Release|Any CPU
		{F8058233-D58D-4C32-B4B2-1175F8D87392}.Release|Any CPU.Build.0 = Release|Any CPU
		{7FDACD39-053F-42FE-9A88-B164530569B0}.Debug|Any CPU.ActiveCfg = Debug|Any CPU
		{7FDACD39-053F-42FE-9A88-B164530569B0}.Debug|Any CPU.Build.0 = Debug|Any CPU
		{7FDACD39-053F-42FE-9A88-B164530569B0}.Release|Any CPU.ActiveCfg = Release|Any CPU
		{7FDACD39-053F-42FE-9A88-B164530569B0}.Release|Any CPU.Build.0 = Release|Any CPU
		{231814D9-E57B-4F7B-8DD9-39BB90AFFE80}.Debug|Any CPU.ActiveCfg = Debug|Any CPU
		{231814D9-E57B-4F7B-8DD9-39BB90AFFE80}.Debug|Any CPU.Build.0 = Debug|Any CPU
		{231814D9-E57B-4F7B-8DD9-39BB90AFFE80}.Release|Any CPU.ActiveCfg = Release|Any CPU
		{231814D9-E57B-4F7B-8DD9-39BB90AFFE80}.Release|Any CPU.Build.0 = Release|Any CPU
	EndGlobalSection
	GlobalSection(SolutionProperties) = preSolution
		HideSolutionNode = FALSE
	EndGlobalSection
	GlobalSection(ExtensibilityGlobals) = postSolution
		SolutionGuid = {873AE7E1-401D-43AF-AD59-EB48963E64C9}
	EndGlobalSection
EndGlobal
